// !$*UTF8*$!
{
	archiveVersion = 1;
	classes = {
	};
	objectVersion = 56;
	objects = {

/* Begin PBXBuildFile section */
		3D8E9E762ADDA59B0067DD2E /* DublinGateApp.swift in Sources */ = {isa = PBXBuildFile; fileRef = 3D8E9E752ADDA59B0067DD2E /* DublinGateApp.swift */; };
		3D8E9E782ADDA59B0067DD2E /* HomeView.swift in Sources */ = {isa = PBXBuildFile; fileRef = 3D8E9E772ADDA59B0067DD2E /* HomeView.swift */; };
		3D8E9E7A2ADDA59F0067DD2E /* Assets.xcassets in Resources */ = {isa = PBXBuildFile; fileRef = 3D8E9E792ADDA59F0067DD2E /* Assets.xcassets */; };
		3D8E9E7E2ADDA59F0067DD2E /* Preview Assets.xcassets in Resources */ = {isa = PBXBuildFile; fileRef = 3D8E9E7D2ADDA59F0067DD2E /* Preview Assets.xcassets */; };
		3D8E9E882ADDA59F0067DD2E /* DublinGateTests.swift in Sources */ = {isa = PBXBuildFile; fileRef = 3D8E9E872ADDA59F0067DD2E /* DublinGateTests.swift */; };
		3D8E9E922ADDA59F0067DD2E /* DublinGateUITests.swift in Sources */ = {isa = PBXBuildFile; fileRef = 3D8E9E912ADDA59F0067DD2E /* DublinGateUITests.swift */; };
		3D8E9E942ADDA5A00067DD2E /* DublinGateUITestsLaunchTests.swift in Sources */ = {isa = PBXBuildFile; fileRef = 3D8E9E932ADDA5A00067DD2E /* DublinGateUITestsLaunchTests.swift */; };
		3D8E9EA52ADDA7E40067DD2E /* ApiService.swift in Sources */ = {isa = PBXBuildFile; fileRef = 3D8E9EA42ADDA7E40067DD2E /* ApiService.swift */; };
		3D8E9EA72ADDAD060067DD2E /* DublinGateResults.swift in Sources */ = {isa = PBXBuildFile; fileRef = 3D8E9EA62ADDAD060067DD2E /* DublinGateResults.swift */; };
		3D8E9EA92ADDAD120067DD2E /* DublinGateResponse.swift in Sources */ = {isa = PBXBuildFile; fileRef = 3D8E9EA82ADDAD120067DD2E /* DublinGateResponse.swift */; };
		3D8E9EAB2ADDC78E0067DD2E /* PropretyView.swift in Sources */ = {isa = PBXBuildFile; fileRef = 3D8E9EAA2ADDC78E0067DD2E /* PropretyView.swift */; };
		3DDDDDE12ADF02FD004B127D /* PropretyPage.swift in Sources */ = {isa = PBXBuildFile; fileRef = 3DDDDDE02ADF02FD004B127D /* PropretyPage.swift */; };
		3DDDDDE32ADF030E004B127D /* PropretyPageViewModel.swift in Sources */ = {isa = PBXBuildFile; fileRef = 3DDDDDE22ADF030E004B127D /* PropretyPageViewModel.swift */; };
		3DDDDDE62ADF103B004B127D /* PropretyViewModel.swift in Sources */ = {isa = PBXBuildFile; fileRef = 3DDDDDE52ADF103B004B127D /* PropretyViewModel.swift */; };
		3DDDDDE92ADF1595004B127D /* TabBar.swift in Sources */ = {isa = PBXBuildFile; fileRef = 3DDDDDE82ADF1595004B127D /* TabBar.swift */; };
/* End PBXBuildFile section */

/* Begin PBXContainerItemProxy section */
		3D8E9E842ADDA59F0067DD2E /* PBXContainerItemProxy */ = {
			isa = PBXContainerItemProxy;
			containerPortal = 3D8E9E6A2ADDA59B0067DD2E /* Project object */;
			proxyType = 1;
			remoteGlobalIDString = 3D8E9E712ADDA59B0067DD2E;
			remoteInfo = DublinGate;
		};
		3D8E9E8E2ADDA59F0067DD2E /* PBXContainerItemProxy */ = {
			isa = PBXContainerItemProxy;
			containerPortal = 3D8E9E6A2ADDA59B0067DD2E /* Project object */;
			proxyType = 1;
			remoteGlobalIDString = 3D8E9E712ADDA59B0067DD2E;
			remoteInfo = DublinGate;
		};
/* End PBXContainerItemProxy section */

/* Begin PBXFileReference section */
		3D8E9E722ADDA59B0067DD2E /* DublinGate.app */ = {isa = PBXFileReference; explicitFileType = wrapper.application; includeInIndex = 0; path = DublinGate.app; sourceTree = BUILT_PRODUCTS_DIR; };
		3D8E9E752ADDA59B0067DD2E /* DublinGateApp.swift */ = {isa = PBXFileReference; lastKnownFileType = sourcecode.swift; path = DublinGateApp.swift; sourceTree = "<group>"; };
		3D8E9E772ADDA59B0067DD2E /* HomeView.swift */ = {isa = PBXFileReference; lastKnownFileType = sourcecode.swift; path = HomeView.swift; sourceTree = "<group>"; };
		3D8E9E792ADDA59F0067DD2E /* Assets.xcassets */ = {isa = PBXFileReference; lastKnownFileType = folder.assetcatalog; path = Assets.xcassets; sourceTree = "<group>"; };
		3D8E9E7B2ADDA59F0067DD2E /* DublinGate.entitlements */ = {isa = PBXFileReference; lastKnownFileType = text.plist.entitlements; path = DublinGate.entitlements; sourceTree = "<group>"; };
		3D8E9E7D2ADDA59F0067DD2E /* Preview Assets.xcassets */ = {isa = PBXFileReference; lastKnownFileType = folder.assetcatalog; path = "Preview Assets.xcassets"; sourceTree = "<group>"; };
		3D8E9E832ADDA59F0067DD2E /* DublinGateTests.xctest */ = {isa = PBXFileReference; explicitFileType = wrapper.cfbundle; includeInIndex = 0; path = DublinGateTests.xctest; sourceTree = BUILT_PRODUCTS_DIR; };
		3D8E9E872ADDA59F0067DD2E /* DublinGateTests.swift */ = {isa = PBXFileReference; lastKnownFileType = sourcecode.swift; path = DublinGateTests.swift; sourceTree = "<group>"; };
		3D8E9E8D2ADDA59F0067DD2E /* DublinGateUITests.xctest */ = {isa = PBXFileReference; explicitFileType = wrapper.cfbundle; includeInIndex = 0; path = DublinGateUITests.xctest; sourceTree = BUILT_PRODUCTS_DIR; };
		3D8E9E912ADDA59F0067DD2E /* DublinGateUITests.swift */ = {isa = PBXFileReference; lastKnownFileType = sourcecode.swift; path = DublinGateUITests.swift; sourceTree = "<group>"; };
		3D8E9E932ADDA5A00067DD2E /* DublinGateUITestsLaunchTests.swift */ = {isa = PBXFileReference; lastKnownFileType = sourcecode.swift; path = DublinGateUITestsLaunchTests.swift; sourceTree = "<group>"; };
		3D8E9EA32ADDA7010067DD2E /* README.md */ = {isa = PBXFileReference; lastKnownFileType = net.daringfireball.markdown; path = README.md; sourceTree = "<group>"; };
		3D8E9EA42ADDA7E40067DD2E /* ApiService.swift */ = {isa = PBXFileReference; lastKnownFileType = sourcecode.swift; path = ApiService.swift; sourceTree = "<group>"; };
		3D8E9EA62ADDAD060067DD2E /* DublinGateResults.swift */ = {isa = PBXFileReference; lastKnownFileType = sourcecode.swift; path = DublinGateResults.swift; sourceTree = "<group>"; };
		3D8E9EA82ADDAD120067DD2E /* DublinGateResponse.swift */ = {isa = PBXFileReference; lastKnownFileType = sourcecode.swift; path = DublinGateResponse.swift; sourceTree = "<group>"; };
		3D8E9EAA2ADDC78E0067DD2E /* PropretyView.swift */ = {isa = PBXFileReference; lastKnownFileType = sourcecode.swift; path = PropretyView.swift; sourceTree = "<group>"; };
		3DDDDDE02ADF02FD004B127D /* PropretyPage.swift */ = {isa = PBXFileReference; lastKnownFileType = sourcecode.swift; path = PropretyPage.swift; sourceTree = "<group>"; };
		3DDDDDE22ADF030E004B127D /* PropretyPageViewModel.swift */ = {isa = PBXFileReference; lastKnownFileType = sourcecode.swift; path = PropretyPageViewModel.swift; sourceTree = "<group>"; };
		3DDDDDE52ADF103B004B127D /* PropretyViewModel.swift */ = {isa = PBXFileReference; lastKnownFileType = sourcecode.swift; path = PropretyViewModel.swift; sourceTree = "<group>"; };
		3DDDDDE82ADF1595004B127D /* TabBar.swift */ = {isa = PBXFileReference; lastKnownFileType = sourcecode.swift; path = TabBar.swift; sourceTree = "<group>"; };
/* End PBXFileReference section */

/* Begin PBXFrameworksBuildPhase section */
		3D8E9E6F2ADDA59B0067DD2E /* Frameworks */ = {
			isa = PBXFrameworksBuildPhase;
			buildActionMask = 2147483647;
			files = (
			);
			runOnlyForDeploymentPostprocessing = 0;
		};
		3D8E9E802ADDA59F0067DD2E /* Frameworks */ = {
			isa = PBXFrameworksBuildPhase;
			buildActionMask = 2147483647;
			files = (
			);
			runOnlyForDeploymentPostprocessing = 0;
		};
		3D8E9E8A2ADDA59F0067DD2E /* Frameworks */ = {
			isa = PBXFrameworksBuildPhase;
			buildActionMask = 2147483647;
			files = (
			);
			runOnlyForDeploymentPostprocessing = 0;
		};
/* End PBXFrameworksBuildPhase section */

/* Begin PBXGroup section */
		3D8E9E692ADDA59B0067DD2E = {
			isa = PBXGroup;
			children = (
				3D8E9E742ADDA59B0067DD2E /* DublinGate */,
				3D8E9E862ADDA59F0067DD2E /* DublinGateTests */,
				3D8E9E902ADDA59F0067DD2E /* DublinGateUITests */,
				3D8E9E732ADDA59B0067DD2E /* Products */,
			);
			sourceTree = "<group>";
		};
		3D8E9E732ADDA59B0067DD2E /* Products */ = {
			isa = PBXGroup;
			children = (
				3D8E9E722ADDA59B0067DD2E /* DublinGate.app */,
				3D8E9E832ADDA59F0067DD2E /* DublinGateTests.xctest */,
				3D8E9E8D2ADDA59F0067DD2E /* DublinGateUITests.xctest */,
			);
			name = Products;
			sourceTree = "<group>";
		};
		3D8E9E742ADDA59B0067DD2E /* DublinGate */ = {
			isa = PBXGroup;
			children = (
				3D8E9EA22ADDA5E30067DD2E /* Views */,
				3D8E9EA12ADDA5DD0067DD2E /* Model */,
				3D8E9EA02ADDA5C90067DD2E /* Service */,
				3D8E9E752ADDA59B0067DD2E /* DublinGateApp.swift */,
				3D8E9E792ADDA59F0067DD2E /* Assets.xcassets */,
				3D8E9E7B2ADDA59F0067DD2E /* DublinGate.entitlements */,
				3D8E9E7C2ADDA59F0067DD2E /* Preview Content */,
				3D8E9EA32ADDA7010067DD2E /* README.md */,
			);
			path = DublinGate;
			sourceTree = "<group>";
		};
		3D8E9E7C2ADDA59F0067DD2E /* Preview Content */ = {
			isa = PBXGroup;
			children = (
				3D8E9E7D2ADDA59F0067DD2E /* Preview Assets.xcassets */,
			);
			path = "Preview Content";
			sourceTree = "<group>";
		};
		3D8E9E862ADDA59F0067DD2E /* DublinGateTests */ = {
			isa = PBXGroup;
			children = (
				3D8E9E872ADDA59F0067DD2E /* DublinGateTests.swift */,
			);
			path = DublinGateTests;
			sourceTree = "<group>";
		};
		3D8E9E902ADDA59F0067DD2E /* DublinGateUITests */ = {
			isa = PBXGroup;
			children = (
				3D8E9E912ADDA59F0067DD2E /* DublinGateUITests.swift */,
				3D8E9E932ADDA5A00067DD2E /* DublinGateUITestsLaunchTests.swift */,
			);
			path = DublinGateUITests;
			sourceTree = "<group>";
		};
		3D8E9EA02ADDA5C90067DD2E /* Service */ = {
			isa = PBXGroup;
			children = (
				3D8E9EA42ADDA7E40067DD2E /* ApiService.swift */,
			);
			path = Service;
			sourceTree = "<group>";
		};
		3D8E9EA12ADDA5DD0067DD2E /* Model */ = {
			isa = PBXGroup;
			children = (
				3D8E9EA62ADDAD060067DD2E /* DublinGateResults.swift */,
				3D8E9EA82ADDAD120067DD2E /* DublinGateResponse.swift */,
			);
			path = Model;
			sourceTree = "<group>";
		};
		3D8E9EA22ADDA5E30067DD2E /* Views */ = {
			isa = PBXGroup;
			children = (
				3DDDDDE72ADF157D004B127D /* TabBar */,
				3DDDDDE42ADF03D4004B127D /* Home */,
				3D8E9EAE2ADDCB4D0067DD2E /* PropretyView */,
				3DDDDDDF2ADF02D2004B127D /* PropretyPage */,
			);
			path = Views;
			sourceTree = "<group>";
		};
		3D8E9EAE2ADDCB4D0067DD2E /* PropretyView */ = {
			isa = PBXGroup;
			children = (
				3D8E9EAA2ADDC78E0067DD2E /* PropretyView.swift */,
				3DDDDDE52ADF103B004B127D /* PropretyViewModel.swift */,
			);
			path = PropretyView;
			sourceTree = "<group>";
		};
		3DDDDDDF2ADF02D2004B127D /* PropretyPage */ = {
			isa = PBXGroup;
			children = (
				3DDDDDE02ADF02FD004B127D /* PropretyPage.swift */,
				3DDDDDE22ADF030E004B127D /* PropretyPageViewModel.swift */,
			);
			path = PropretyPage;
			sourceTree = "<group>";
		};
		3DDDDDE42ADF03D4004B127D /* Home */ = {
			isa = PBXGroup;
			children = (
				3D8E9E772ADDA59B0067DD2E /* HomeView.swift */,
			);
			path = Home;
			sourceTree = "<group>";
		};
		3DDDDDE72ADF157D004B127D /* TabBar */ = {
			isa = PBXGroup;
			children = (
				3DDDDDE82ADF1595004B127D /* TabBar.swift */,
			);
			path = TabBar;
			sourceTree = "<group>";
		};
/* End PBXGroup section */

/* Begin PBXNativeTarget section */
		3D8E9E712ADDA59B0067DD2E /* DublinGate */ = {
			isa = PBXNativeTarget;
			buildConfigurationList = 3D8E9E972ADDA5A00067DD2E /* Build configuration list for PBXNativeTarget "DublinGate" */;
			buildPhases = (
				3D8E9E6E2ADDA59B0067DD2E /* Sources */,
				3D8E9E6F2ADDA59B0067DD2E /* Frameworks */,
				3D8E9E702ADDA59B0067DD2E /* Resources */,
			);
			buildRules = (
			);
			dependencies = (
			);
			name = DublinGate;
			productName = DublinGate;
			productReference = 3D8E9E722ADDA59B0067DD2E /* DublinGate.app */;
			productType = "com.apple.product-type.application";
		};
		3D8E9E822ADDA59F0067DD2E /* DublinGateTests */ = {
			isa = PBXNativeTarget;
			buildConfigurationList = 3D8E9E9A2ADDA5A00067DD2E /* Build configuration list for PBXNativeTarget "DublinGateTests" */;
			buildPhases = (
				3D8E9E7F2ADDA59F0067DD2E /* Sources */,
				3D8E9E802ADDA59F0067DD2E /* Frameworks */,
				3D8E9E812ADDA59F0067DD2E /* Resources */,
			);
			buildRules = (
			);
			dependencies = (
				3D8E9E852ADDA59F0067DD2E /* PBXTargetDependency */,
			);
			name = DublinGateTests;
			productName = DublinGateTests;
			productReference = 3D8E9E832ADDA59F0067DD2E /* DublinGateTests.xctest */;
			productType = "com.apple.product-type.bundle.unit-test";
		};
		3D8E9E8C2ADDA59F0067DD2E /* DublinGateUITests */ = {
			isa = PBXNativeTarget;
			buildConfigurationList = 3D8E9E9D2ADDA5A00067DD2E /* Build configuration list for PBXNativeTarget "DublinGateUITests" */;
			buildPhases = (
				3D8E9E892ADDA59F0067DD2E /* Sources */,
				3D8E9E8A2ADDA59F0067DD2E /* Frameworks */,
				3D8E9E8B2ADDA59F0067DD2E /* Resources */,
			);
			buildRules = (
			);
			dependencies = (
				3D8E9E8F2ADDA59F0067DD2E /* PBXTargetDependency */,
			);
			name = DublinGateUITests;
			productName = DublinGateUITests;
			productReference = 3D8E9E8D2ADDA59F0067DD2E /* DublinGateUITests.xctest */;
			productType = "com.apple.product-type.bundle.ui-testing";
		};
/* End PBXNativeTarget section */

/* Begin PBXProject section */
		3D8E9E6A2ADDA59B0067DD2E /* Project object */ = {
			isa = PBXProject;
			attributes = {
				BuildIndependentTargetsInParallel = 1;
				LastSwiftUpdateCheck = 1430;
				LastUpgradeCheck = 1430;
				TargetAttributes = {
					3D8E9E712ADDA59B0067DD2E = {
						CreatedOnToolsVersion = 14.3.1;
					};
					3D8E9E822ADDA59F0067DD2E = {
						CreatedOnToolsVersion = 14.3.1;
						TestTargetID = 3D8E9E712ADDA59B0067DD2E;
					};
					3D8E9E8C2ADDA59F0067DD2E = {
						CreatedOnToolsVersion = 14.3.1;
						TestTargetID = 3D8E9E712ADDA59B0067DD2E;
					};
				};
			};
			buildConfigurationList = 3D8E9E6D2ADDA59B0067DD2E /* Build configuration list for PBXProject "DublinGate" */;
			compatibilityVersion = "Xcode 14.0";
			developmentRegion = en;
			hasScannedForEncodings = 0;
			knownRegions = (
				en,
				Base,
			);
			mainGroup = 3D8E9E692ADDA59B0067DD2E;
			productRefGroup = 3D8E9E732ADDA59B0067DD2E /* Products */;
			projectDirPath = "";
			projectRoot = "";
			targets = (
				3D8E9E712ADDA59B0067DD2E /* DublinGate */,
				3D8E9E822ADDA59F0067DD2E /* DublinGateTests */,
				3D8E9E8C2ADDA59F0067DD2E /* DublinGateUITests */,
			);
		};
/* End PBXProject section */

/* Begin PBXResourcesBuildPhase section */
		3D8E9E702ADDA59B0067DD2E /* Resources */ = {
			isa = PBXResourcesBuildPhase;
			buildActionMask = 2147483647;
			files = (
				3D8E9E7E2ADDA59F0067DD2E /* Preview Assets.xcassets in Resources */,
				3D8E9E7A2ADDA59F0067DD2E /* Assets.xcassets in Resources */,
			);
			runOnlyForDeploymentPostprocessing = 0;
		};
		3D8E9E812ADDA59F0067DD2E /* Resources */ = {
			isa = PBXResourcesBuildPhase;
			buildActionMask = 2147483647;
			files = (
			);
			runOnlyForDeploymentPostprocessing = 0;
		};
		3D8E9E8B2ADDA59F0067DD2E /* Resources */ = {
			isa = PBXResourcesBuildPhase;
			buildActionMask = 2147483647;
			files = (
			);
			runOnlyForDeploymentPostprocessing = 0;
		};
/* End PBXResourcesBuildPhase section */

/* Begin PBXSourcesBuildPhase section */
		3D8E9E6E2ADDA59B0067DD2E /* Sources */ = {
			isa = PBXSourcesBuildPhase;
			buildActionMask = 2147483647;
			files = (
				3D8E9E782ADDA59B0067DD2E /* HomeView.swift in Sources */,
				3DDDDDE62ADF103B004B127D /* PropretyViewModel.swift in Sources */,
				3D8E9E762ADDA59B0067DD2E /* DublinGateApp.swift in Sources */,
				3D8E9EA92ADDAD120067DD2E /* DublinGateResponse.swift in Sources */,
				3D8E9EA52ADDA7E40067DD2E /* ApiService.swift in Sources */,
				3D8E9EA72ADDAD060067DD2E /* DublinGateResults.swift in Sources */,
				3DDDDDE32ADF030E004B127D /* PropretyPageViewModel.swift in Sources */,
				3D8E9EAB2ADDC78E0067DD2E /* PropretyView.swift in Sources */,
				3DDDDDE12ADF02FD004B127D /* PropretyPage.swift in Sources */,
				3DDDDDE92ADF1595004B127D /* TabBar.swift in Sources */,
			);
			runOnlyForDeploymentPostprocessing = 0;
		};
		3D8E9E7F2ADDA59F0067DD2E /* Sources */ = {
			isa = PBXSourcesBuildPhase;
			buildActionMask = 2147483647;
			files = (
				3D8E9E882ADDA59F0067DD2E /* DublinGateTests.swift in Sources */,
			);
			runOnlyForDeploymentPostprocessing = 0;
		};
		3D8E9E892ADDA59F0067DD2E /* Sources */ = {
			isa = PBXSourcesBuildPhase;
			buildActionMask = 2147483647;
			files = (
				3D8E9E922ADDA59F0067DD2E /* DublinGateUITests.swift in Sources */,
				3D8E9E942ADDA5A00067DD2E /* DublinGateUITestsLaunchTests.swift in Sources */,
			);
			runOnlyForDeploymentPostprocessing = 0;
		};
/* End PBXSourcesBuildPhase section */

/* Begin PBXTargetDependency section */
		3D8E9E852ADDA59F0067DD2E /* PBXTargetDependency */ = {
			isa = PBXTargetDependency;
			target = 3D8E9E712ADDA59B0067DD2E /* DublinGate */;
			targetProxy = 3D8E9E842ADDA59F0067DD2E /* PBXContainerItemProxy */;
		};
		3D8E9E8F2ADDA59F0067DD2E /* PBXTargetDependency */ = {
			isa = PBXTargetDependency;
			target = 3D8E9E712ADDA59B0067DD2E /* DublinGate */;
			targetProxy = 3D8E9E8E2ADDA59F0067DD2E /* PBXContainerItemProxy */;
		};
/* End PBXTargetDependency section */

/* Begin XCBuildConfiguration section */
		3D8E9E952ADDA5A00067DD2E /* Debug */ = {
			isa = XCBuildConfiguration;
			buildSettings = {
				ALWAYS_SEARCH_USER_PATHS = NO;
				CLANG_ANALYZER_NONNULL = YES;
				CLANG_ANALYZER_NUMBER_OBJECT_CONVERSION = YES_AGGRESSIVE;
				CLANG_CXX_LANGUAGE_STANDARD = "gnu++20";
				CLANG_ENABLE_MODULES = YES;
				CLANG_ENABLE_OBJC_ARC = YES;
				CLANG_ENABLE_OBJC_WEAK = YES;
				CLANG_WARN_BLOCK_CAPTURE_AUTORELEASING = YES;
				CLANG_WARN_BOOL_CONVERSION = YES;
				CLANG_WARN_COMMA = YES;
				CLANG_WARN_CONSTANT_CONVERSION = YES;
				CLANG_WARN_DEPRECATED_OBJC_IMPLEMENTATIONS = YES;
				CLANG_WARN_DIRECT_OBJC_ISA_USAGE = YES_ERROR;
				CLANG_WARN_DOCUMENTATION_COMMENTS = YES;
				CLANG_WARN_EMPTY_BODY = YES;
				CLANG_WARN_ENUM_CONVERSION = YES;
				CLANG_WARN_INFINITE_RECURSION = YES;
				CLANG_WARN_INT_CONVERSION = YES;
				CLANG_WARN_NON_LITERAL_NULL_CONVERSION = YES;
				CLANG_WARN_OBJC_IMPLICIT_RETAIN_SELF = YES;
				CLANG_WARN_OBJC_LITERAL_CONVERSION = YES;
				CLANG_WARN_OBJC_ROOT_CLASS = YES_ERROR;
				CLANG_WARN_QUOTED_INCLUDE_IN_FRAMEWORK_HEADER = YES;
				CLANG_WARN_RANGE_LOOP_ANALYSIS = YES;
				CLANG_WARN_STRICT_PROTOTYPES = YES;
				CLANG_WARN_SUSPICIOUS_MOVE = YES;
				CLANG_WARN_UNGUARDED_AVAILABILITY = YES_AGGRESSIVE;
				CLANG_WARN_UNREACHABLE_CODE = YES;
				CLANG_WARN__DUPLICATE_METHOD_MATCH = YES;
				COPY_PHASE_STRIP = NO;
				DEBUG_INFORMATION_FORMAT = dwarf;
				ENABLE_STRICT_OBJC_MSGSEND = YES;
				ENABLE_TESTABILITY = YES;
				GCC_C_LANGUAGE_STANDARD = gnu11;
				GCC_DYNAMIC_NO_PIC = NO;
				GCC_NO_COMMON_BLOCKS = YES;
				GCC_OPTIMIZATION_LEVEL = 0;
				GCC_PREPROCESSOR_DEFINITIONS = (
					"DEBUG=1",
					"$(inherited)",
				);
				GCC_WARN_64_TO_32_BIT_CONVERSION = YES;
				GCC_WARN_ABOUT_RETURN_TYPE = YES_ERROR;
				GCC_WARN_UNDECLARED_SELECTOR = YES;
				GCC_WARN_UNINITIALIZED_AUTOS = YES_AGGRESSIVE;
				GCC_WARN_UNUSED_FUNCTION = YES;
				GCC_WARN_UNUSED_VARIABLE = YES;
				MTL_ENABLE_DEBUG_INFO = INCLUDE_SOURCE;
				MTL_FAST_MATH = YES;
				ONLY_ACTIVE_ARCH = YES;
				SWIFT_ACTIVE_COMPILATION_CONDITIONS = DEBUG;
				SWIFT_OPTIMIZATION_LEVEL = "-Onone";
			};
			name = Debug;
		};
		3D8E9E962ADDA5A00067DD2E /* Release */ = {
			isa = XCBuildConfiguration;
			buildSettings = {
				ALWAYS_SEARCH_USER_PATHS = NO;
				CLANG_ANALYZER_NONNULL = YES;
				CLANG_ANALYZER_NUMBER_OBJECT_CONVERSION = YES_AGGRESSIVE;
				CLANG_CXX_LANGUAGE_STANDARD = "gnu++20";
				CLANG_ENABLE_MODULES = YES;
				CLANG_ENABLE_OBJC_ARC = YES;
				CLANG_ENABLE_OBJC_WEAK = YES;
				CLANG_WARN_BLOCK_CAPTURE_AUTORELEASING = YES;
				CLANG_WARN_BOOL_CONVERSION = YES;
				CLANG_WARN_COMMA = YES;
				CLANG_WARN_CONSTANT_CONVERSION = YES;
				CLANG_WARN_DEPRECATED_OBJC_IMPLEMENTATIONS = YES;
				CLANG_WARN_DIRECT_OBJC_ISA_USAGE = YES_ERROR;
				CLANG_WARN_DOCUMENTATION_COMMENTS = YES;
				CLANG_WARN_EMPTY_BODY = YES;
				CLANG_WARN_ENUM_CONVERSION = YES;
				CLANG_WARN_INFINITE_RECURSION = YES;
				CLANG_WARN_INT_CONVERSION = YES;
				CLANG_WARN_NON_LITERAL_NULL_CONVERSION = YES;
				CLANG_WARN_OBJC_IMPLICIT_RETAIN_SELF = YES;
				CLANG_WARN_OBJC_LITERAL_CONVERSION = YES;
				CLANG_WARN_OBJC_ROOT_CLASS = YES_ERROR;
				CLANG_WARN_QUOTED_INCLUDE_IN_FRAMEWORK_HEADER = YES;
				CLANG_WARN_RANGE_LOOP_ANALYSIS = YES;
				CLANG_WARN_STRICT_PROTOTYPES = YES;
				CLANG_WARN_SUSPICIOUS_MOVE = YES;
				CLANG_WARN_UNGUARDED_AVAILABILITY = YES_AGGRESSIVE;
				CLANG_WARN_UNREACHABLE_CODE = YES;
				CLANG_WARN__DUPLICATE_METHOD_MATCH = YES;
				COPY_PHASE_STRIP = NO;
				DEBUG_INFORMATION_FORMAT = "dwarf-with-dsym";
				ENABLE_NS_ASSERTIONS = NO;
				ENABLE_STRICT_OBJC_MSGSEND = YES;
				GCC_C_LANGUAGE_STANDARD = gnu11;
				GCC_NO_COMMON_BLOCKS = YES;
				GCC_WARN_64_TO_32_BIT_CONVERSION = YES;
				GCC_WARN_ABOUT_RETURN_TYPE = YES_ERROR;
				GCC_WARN_UNDECLARED_SELECTOR = YES;
				GCC_WARN_UNINITIALIZED_AUTOS = YES_AGGRESSIVE;
				GCC_WARN_UNUSED_FUNCTION = YES;
				GCC_WARN_UNUSED_VARIABLE = YES;
				MTL_ENABLE_DEBUG_INFO = NO;
				MTL_FAST_MATH = YES;
				SWIFT_COMPILATION_MODE = wholemodule;
				SWIFT_OPTIMIZATION_LEVEL = "-O";
			};
			name = Release;
		};
		3D8E9E982ADDA5A00067DD2E /* Debug */ = {
			isa = XCBuildConfiguration;
			buildSettings = {
				ASSETCATALOG_COMPILER_APPICON_NAME = AppIcon;
				ASSETCATALOG_COMPILER_GLOBAL_ACCENT_COLOR_NAME = AccentColor;
				CODE_SIGN_ENTITLEMENTS = DublinGate/DublinGate.entitlements;
				CODE_SIGN_STYLE = Automatic;
				CURRENT_PROJECT_VERSION = 1;
				DEVELOPMENT_ASSET_PATHS = "\"DublinGate/Preview Content\"";
				DEVELOPMENT_TEAM = SKHUBRDPGV;
				ENABLE_HARDENED_RUNTIME = YES;
				ENABLE_PREVIEWS = YES;
				GENERATE_INFOPLIST_FILE = YES;
				"INFOPLIST_KEY_UIApplicationSceneManifest_Generation[sdk=iphoneos*]" = YES;
				"INFOPLIST_KEY_UIApplicationSceneManifest_Generation[sdk=iphonesimulator*]" = YES;
				"INFOPLIST_KEY_UIApplicationSupportsIndirectInputEvents[sdk=iphoneos*]" = YES;
				"INFOPLIST_KEY_UIApplicationSupportsIndirectInputEvents[sdk=iphonesimulator*]" = YES;
				"INFOPLIST_KEY_UILaunchScreen_Generation[sdk=iphoneos*]" = YES;
				"INFOPLIST_KEY_UILaunchScreen_Generation[sdk=iphonesimulator*]" = YES;
				"INFOPLIST_KEY_UIStatusBarStyle[sdk=iphoneos*]" = UIStatusBarStyleDefault;
				"INFOPLIST_KEY_UIStatusBarStyle[sdk=iphonesimulator*]" = UIStatusBarStyleDefault;
				INFOPLIST_KEY_UISupportedInterfaceOrientations_iPad = "UIInterfaceOrientationPortrait UIInterfaceOrientationPortraitUpsideDown UIInterfaceOrientationLandscapeLeft UIInterfaceOrientationLandscapeRight";
				INFOPLIST_KEY_UISupportedInterfaceOrientations_iPhone = "UIInterfaceOrientationPortrait UIInterfaceOrientationLandscapeLeft UIInterfaceOrientationLandscapeRight";
				IPHONEOS_DEPLOYMENT_TARGET = 16.4;
				LD_RUNPATH_SEARCH_PATHS = "@executable_path/Frameworks";
				"LD_RUNPATH_SEARCH_PATHS[sdk=macosx*]" = "@executable_path/../Frameworks";
				MACOSX_DEPLOYMENT_TARGET = 13.3;
				MARKETING_VERSION = 1.0;
				PRODUCT_BUNDLE_IDENTIFIER = com.horaciomota.DublinGate;
				PRODUCT_NAME = "$(TARGET_NAME)";
				SDKROOT = auto;
				SUPPORTED_PLATFORMS = "iphoneos iphonesimulator macosx";
				SWIFT_EMIT_LOC_STRINGS = YES;
				SWIFT_VERSION = 5.0;
				TARGETED_DEVICE_FAMILY = "1,2";
			};
			name = Debug;
		};
		3D8E9E992ADDA5A00067DD2E /* Release */ = {
			isa = XCBuildConfiguration;
			buildSettings = {
				ASSETCATALOG_COMPILER_APPICON_NAME = AppIcon;
				ASSETCATALOG_COMPILER_GLOBAL_ACCENT_COLOR_NAME = AccentColor;
				CODE_SIGN_ENTITLEMENTS = DublinGate/DublinGate.entitlements;
				CODE_SIGN_STYLE = Automatic;
				CURRENT_PROJECT_VERSION = 1;
				DEVELOPMENT_ASSET_PATHS = "\"DublinGate/Preview Content\"";
				DEVELOPMENT_TEAM = SKHUBRDPGV;
				ENABLE_HARDENED_RUNTIME = YES;
				ENABLE_PREVIEWS = YES;
				GENERATE_INFOPLIST_FILE = YES;
				"INFOPLIST_KEY_UIApplicationSceneManifest_Generation[sdk=iphoneos*]" = YES;
				"INFOPLIST_KEY_UIApplicationSceneManifest_Generation[sdk=iphonesimulator*]" = YES;
				"INFOPLIST_KEY_UIApplicationSupportsIndirectInputEvents[sdk=iphoneos*]" = YES;
				"INFOPLIST_KEY_UIApplicationSupportsIndirectInputEvents[sdk=iphonesimulator*]" = YES;
				"INFOPLIST_KEY_UILaunchScreen_Generation[sdk=iphoneos*]" = YES;
				"INFOPLIST_KEY_UILaunchScreen_Generation[sdk=iphonesimulator*]" = YES;
				"INFOPLIST_KEY_UIStatusBarStyle[sdk=iphoneos*]" = UIStatusBarStyleDefault;
				"INFOPLIST_KEY_UIStatusBarStyle[sdk=iphonesimulator*]" = UIStatusBarStyleDefault;
				INFOPLIST_KEY_UISupportedInterfaceOrientations_iPad = "UIInterfaceOrientationPortrait UIInterfaceOrientationPortraitUpsideDown UIInterfaceOrientationLandscapeLeft UIInterfaceOrientationLandscapeRight";
				INFOPLIST_KEY_UISupportedInterfaceOrientations_iPhone = "UIInterfaceOrientationPortrait UIInterfaceOrientationLandscapeLeft UIInterfaceOrientationLandscapeRight";
				IPHONEOS_DEPLOYMENT_TARGET = 16.4;
				LD_RUNPATH_SEARCH_PATHS = "@executable_path/Frameworks";
				"LD_RUNPATH_SEARCH_PATHS[sdk=macosx*]" = "@executable_path/../Frameworks";
				MACOSX_DEPLOYMENT_TARGET = 13.3;
				MARKETING_VERSION = 1.0;
				PRODUCT_BUNDLE_IDENTIFIER = com.horaciomota.DublinGate;
				PRODUCT_NAME = "$(TARGET_NAME)";
				SDKROOT = auto;
				SUPPORTED_PLATFORMS = "iphoneos iphonesimulator macosx";
				SWIFT_EMIT_LOC_STRINGS = YES;
				SWIFT_VERSION = 5.0;
				TARGETED_DEVICE_FAMILY = "1,2";
			};
			name = Release;
		};
		3D8E9E9B2ADDA5A00067DD2E /* Debug */ = {
			isa = XCBuildConfiguration;
			buildSettings = {
				ALWAYS_EMBED_SWIFT_STANDARD_LIBRARIES = YES;
				BUNDLE_LOADER = "$(TEST_HOST)";
				CODE_SIGN_STYLE = Automatic;
				CURRENT_PROJECT_VERSION = 1;
				DEVELOPMENT_TEAM = SKHUBRDPGV;
				GENERATE_INFOPLIST_FILE = YES;
				IPHONEOS_DEPLOYMENT_TARGET = 16.4;
				MACOSX_DEPLOYMENT_TARGET = 13.3;
				MARKETING_VERSION = 1.0;
				PRODUCT_BUNDLE_IDENTIFIER = com.horaciomota.DublinGateTests;
				PRODUCT_NAME = "$(TARGET_NAME)";
				SDKROOT = auto;
				SUPPORTED_PLATFORMS = "iphoneos iphonesimulator macosx";
				SWIFT_EMIT_LOC_STRINGS = NO;
				SWIFT_VERSION = 5.0;
				TARGETED_DEVICE_FAMILY = "1,2";
				TEST_HOST = "$(BUILT_PRODUCTS_DIR)/DublinGate.app/$(BUNDLE_EXECUTABLE_FOLDER_PATH)/DublinGate";
			};
			name = Debug;
		};
		3D8E9E9C2ADDA5A00067DD2E /* Release */ = {
			isa = XCBuildConfiguration;
			buildSettings = {
				ALWAYS_EMBED_SWIFT_STANDARD_LIBRARIES = YES;
				BUNDLE_LOADER = "$(TEST_HOST)";
				CODE_SIGN_STYLE = Automatic;
				CURRENT_PROJECT_VERSION = 1;
				DEVELOPMENT_TEAM = SKHUBRDPGV;
				GENERATE_INFOPLIST_FILE = YES;
				IPHONEOS_DEPLOYMENT_TARGET = 16.4;
				MACOSX_DEPLOYMENT_TARGET = 13.3;
				MARKETING_VERSION = 1.0;
				PRODUCT_BUNDLE_IDENTIFIER = com.horaciomota.DublinGateTests;
				PRODUCT_NAME = "$(TARGET_NAME)";
				SDKROOT = auto;
				SUPPORTED_PLATFORMS = "iphoneos iphonesimulator macosx";
				SWIFT_EMIT_LOC_STRINGS = NO;
				SWIFT_VERSION = 5.0;
				TARGETED_DEVICE_FAMILY = "1,2";
				TEST_HOST = "$(BUILT_PRODUCTS_DIR)/DublinGate.app/$(BUNDLE_EXECUTABLE_FOLDER_PATH)/DublinGate";
			};
			name = Release;
		};
		3D8E9E9E2ADDA5A00067DD2E /* Debug */ = {
			isa = XCBuildConfiguration;
			buildSettings = {
				ALWAYS_EMBED_SWIFT_STANDARD_LIBRARIES = YES;
				CODE_SIGN_STYLE = Automatic;
				CURRENT_PROJECT_VERSION = 1;
				DEVELOPMENT_TEAM = SKHUBRDPGV;
				GENERATE_INFOPLIST_FILE = YES;
				IPHONEOS_DEPLOYMENT_TARGET = 16.4;
				MACOSX_DEPLOYMENT_TARGET = 13.3;
				MARKETING_VERSION = 1.0;
				PRODUCT_BUNDLE_IDENTIFIER = com.horaciomota.DublinGateUITests;
				PRODUCT_NAME = "$(TARGET_NAME)";
				SDKROOT = auto;
				SUPPORTED_PLATFORMS = "iphoneos iphonesimulator macosx";
				SWIFT_EMIT_LOC_STRINGS = NO;
				SWIFT_VERSION = 5.0;
				TARGETED_DEVICE_FAMILY = "1,2";
				TEST_TARGET_NAME = DublinGate;
			};
			name = Debug;
		};
		3D8E9E9F2ADDA5A00067DD2E /* Release */ = {
			isa = XCBuildConfiguration;
			buildSettings = {
				ALWAYS_EMBED_SWIFT_STANDARD_LIBRARIES = YES;
				CODE_SIGN_STYLE = Automatic;
				CURRENT_PROJECT_VERSION = 1;
				DEVELOPMENT_TEAM = SKHUBRDPGV;
				GENERATE_INFOPLIST_FILE = YES;
				IPHONEOS_DEPLOYMENT_TARGET = 16.4;
				MACOSX_DEPLOYMENT_TARGET = 13.3;
				MARKETING_VERSION = 1.0;
				PRODUCT_BUNDLE_IDENTIFIER = com.horaciomota.DublinGateUITests;
				PRODUCT_NAME = "$(TARGET_NAME)";
				SDKROOT = auto;
				SUPPORTED_PLATFORMS = "iphoneos iphonesimulator macosx";
				SWIFT_EMIT_LOC_STRINGS = NO;
				SWIFT_VERSION = 5.0;
				TARGETED_DEVICE_FAMILY = "1,2";
				TEST_TARGET_NAME = DublinGate;
			};
			name = Release;
		};
/* End XCBuildConfiguration section */

/* Begin XCConfigurationList section */
		3D8E9E6D2ADDA59B0067DD2E /* Build configuration list for PBXProject "DublinGate" */ = {
			isa = XCConfigurationList;
			buildConfigurations = (
				3D8E9E952ADDA5A00067DD2E /* Debug */,
				3D8E9E962ADDA5A00067DD2E /* Release */,
			);
			defaultConfigurationIsVisible = 0;
			defaultConfigurationName = Release;
		};
		3D8E9E972ADDA5A00067DD2E /* Build configuration list for PBXNativeTarget "DublinGate" */ = {
			isa = XCConfigurationList;
			buildConfigurations = (
				3D8E9E982ADDA5A00067DD2E /* Debug */,
				3D8E9E992ADDA5A00067DD2E /* Release */,
			);
			defaultConfigurationIsVisible = 0;
			defaultConfigurationName = Release;
		};
		3D8E9E9A2ADDA5A00067DD2E /* Build configuration list for PBXNativeTarget "DublinGateTests" */ = {
			isa = XCConfigurationList;
			buildConfigurations = (
				3D8E9E9B2ADDA5A00067DD2E /* Debug */,
				3D8E9E9C2ADDA5A00067DD2E /* Release */,
			);
			defaultConfigurationIsVisible = 0;
			defaultConfigurationName = Release;
		};
		3D8E9E9D2ADDA5A00067DD2E /* Build configuration list for PBXNativeTarget "DublinGateUITests" */ = {
			isa = XCConfigurationList;
			buildConfigurations = (
				3D8E9E9E2ADDA5A00067DD2E /* Debug */,
				3D8E9E9F2ADDA5A00067DD2E /* Release */,
			);
			defaultConfigurationIsVisible = 0;
			defaultConfigurationName = Release;
		};
/* End XCConfigurationList section */
	};
	rootObject = 3D8E9E6A2ADDA59B0067DD2E /* Project object */;
}
